
Microsoft Visual Studio Solution File, Format Version 12.00
# Visual Studio Version 16
VisualStudioVersion = 16.0.31605.320
MinimumVisualStudioVersion = 10.0.40219.1
Project("{FAE04EC0-301F-11D3-BF4B-00C04F79EFBC}") = "UIKitPage.UWP", "UIKitPage.UWP\UIKitPage.UWP.csproj", "{D214DA31-7904-456A-AB71-69AF4CDA45C6}"
EndProject
Project("{FAE04EC0-301F-11D3-BF4B-00C04F79EFBC}") = "UIKitPage.Android", "UIKitPage.Android\UIKitPage.Android.csproj", "{DF6EF3A1-ED07-446F-9609-4F320D5D92E8}"
EndProject
Project("{FAE04EC0-301F-11D3-BF4B-00C04F79EFBC}") = "UIKitPage.iOS", "UIKitPage.iOS\UIKitPage.iOS.csproj", "{0493F3D7-1098-4C8B-9D9B-A77CA0FC798D}"
EndProject
Project("{FAE04EC0-301F-11D3-BF4B-00C04F79EFBC}") = "UIKitPage", "UIKitPage\UIKitPage.csproj", "{80DDE212-162E-4AA2-B954-41AF7FC9ED4F}"
EndProject
Global
	GlobalSection(SolutionConfigurationPlatforms) = preSolution
		Debug|Any CPU = Debug|Any CPU
		Debug|ARM = Debug|ARM
		Debug|iPhone = Debug|iPhone
		Debug|iPhoneSimulator = Debug|iPhoneSimulator
		Debug|x64 = Debug|x64
		Debug|x86 = Debug|x86
		Release|Any CPU = Release|Any CPU
		Release|ARM = Release|ARM
		Release|iPhone = Release|iPhone
		Release|iPhoneSimulator = Release|iPhoneSimulator
		Release|x64 = Release|x64
		Release|x86 = Release|x86
	EndGlobalSection
	GlobalSection(ProjectConfigurationPlatforms) = postSolution
		{D214DA31-7904-456A-AB71-69AF4CDA45C6}.Debug|Any CPU.ActiveCfg = Debug|x86
		{D214DA31-7904-456A-AB71-69AF4CDA45C6}.Debug|Any CPU.Build.0 = Debug|x86
		{D214DA31-7904-456A-AB71-69AF4CDA45C6}.Debug|Any CPU.Deploy.0 = Debug|x86
		{D214DA31-7904-456A-AB71-69AF4CDA45C6}.Debug|ARM.ActiveCfg = Debug|ARM
		{D214DA31-7904-456A-AB71-69AF4CDA45C6}.Debug|ARM.Build.0 = Debug|ARM
		{D214DA31-7904-456A-AB71-69AF4CDA45C6}.Debug|ARM.Deploy.0 = Debug|ARM
		{D214DA31-7904-456A-AB71-69AF4CDA45C6}.Debug|iPhone.ActiveCfg = Debug|x86
		{D214DA31-7904-456A-AB71-69AF4CDA45C6}.Debug|iPhone.Build.0 = Debug|x86
		{D214DA31-7904-456A-AB71-69AF4CDA45C6}.Debug|iPhone.Deploy.0 = Debug|x86
		{D214DA31-7904-456A-AB71-69AF4CDA45C6}.Debug|iPhoneSimulator.ActiveCfg = Debug|x86
		{D214DA31-7904-456A-AB71-69AF4CDA45C6}.Debug|iPhoneSimulator.Build.0 = Debug|x86
		{D214DA31-7904-456A-AB71-69AF4CDA45C6}.Debug|iPhoneSimulator.Deploy.0 = Debug|x86
		{D214DA31-7904-456A-AB71-69AF4CDA45C6}.Debug|x64.ActiveCfg = Debug|x64
		{D214DA31-7904-456A-AB71-69AF4CDA45C6}.Debug|x64.Build.0 = Debug|x64
		{D214DA31-7904-456A-AB71-69AF4CDA45C6}.Debug|x64.Deploy.0 = Debug|x64
		{D214DA31-7904-456A-AB71-69AF4CDA45C6}.Debug|x86.ActiveCfg = Debug|x86
		{D214DA31-7904-456A-AB71-69AF4CDA45C6}.Debug|x86.Build.0 = Debug|x86
		{D214DA31-7904-456A-AB71-69AF4CDA45C6}.Debug|x86.Deploy.0 = Debug|x86
		{D214DA31-7904-456A-AB71-69AF4CDA45C6}.Release|Any CPU.ActiveCfg = Release|x86
		{D214DA31-7904-456A-AB71-69AF4CDA45C6}.Release|Any CPU.Build.0 = Release|x86
		{D214DA31-7904-456A-AB71-69AF4CDA45C6}.Release|Any CPU.Deploy.0 = Release|x86
		{D214DA31-7904-456A-AB71-69AF4CDA45C6}.Release|ARM.ActiveCfg = Release|ARM
		{D214DA31-7904-456A-AB71-69AF4CDA45C6}.Release|ARM.Build.0 = Release|ARM
		{D214DA31-7904-456A-AB71-69AF4CDA45C6}.Release|ARM.Deploy.0 = Release|ARM
		{D214DA31-7904-456A-AB71-69AF4CDA45C6}.Release|iPhone.ActiveCfg = Release|x86
		{D214DA31-7904-456A-AB71-69AF4CDA45C6}.Release|iPhone.Build.0 = Release|x86
		{D214DA31-7904-456A-AB71-69AF4CDA45C6}.Release|iPhone.Deploy.0 = Release|x86
		{D214DA31-7904-456A-AB71-69AF4CDA45C6}.Release|iPhoneSimulator.ActiveCfg = Release|x86
		{D214DA31-7904-456A-AB71-69AF4CDA45C6}.Release|iPhoneSimulator.Build.0 = Release|x86
		{D214DA31-7904-456A-AB71-69AF4CDA45C6}.Release|iPhoneSimulator.Deploy.0 = Release|x86
		{D214DA31-7904-456A-AB71-69AF4CDA45C6}.Release|x64.ActiveCfg = Release|x64
		{D214DA31-7904-456A-AB71-69AF4CDA45C6}.Release|x64.Build.0 = Release|x64
		{D214DA31-7904-456A-AB71-69AF4CDA45C6}.Release|x64.Deploy.0 = Release|x64
		{D214DA31-7904-456A-AB71-69AF4CDA45C6}.Release|x86.ActiveCfg = Release|x86
		{D214DA31-7904-456A-AB71-69AF4CDA45C6}.Release|x86.Build.0 = Release|x86
		{D214DA31-7904-456A-AB71-69AF4CDA45C6}.Release|x86.Deploy.0 = Release|x86
		{DF6EF3A1-ED07-446F-9609-4F320D5D92E8}.Debug|Any CPU.ActiveCfg = Debug|Any CPU
		{DF6EF3A1-ED07-446F-9609-4F320D5D92E8}.Debug|Any CPU.Build.0 = Debug|Any CPU
		{DF6EF3A1-ED07-446F-9609-4F320D5D92E8}.Debug|Any CPU.Deploy.0 = Debug|Any CPU
		{DF6EF3A1-ED07-446F-9609-4F320D5D92E8}.Debug|ARM.ActiveCfg = Debug|Any CPU
		{DF6EF3A1-ED07-446F-9609-4F320D5D92E8}.Debug|ARM.Build.0 = Debug|Any CPU
		{DF6EF3A1-ED07-446F-9609-4F320D5D92E8}.Debug|ARM.Deploy.0 = Debug|Any CPU
		{DF6EF3A1-ED07-446F-9609-4F320D5D92E8}.Debug|iPhone.ActiveCfg = Debug|Any CPU
		{DF6EF3A1-ED07-446F-9609-4F320D5D92E8}.Debug|iPhone.Build.0 = Debug|Any CPU
		{DF6EF3A1-ED07-446F-9609-4F320D5D92E8}.Debug|iPhone.Deploy.0 = Debug|Any CPU
		{DF6EF3A1-ED07-446F-9609-4F320D5D92E8}.Debug|iPhoneSimulator.ActiveCfg = Debug|Any CPU
		{DF6EF3A1-ED07-446F-9609-4F320D5D92E8}.Debug|iPhoneSimulator.Build.0 = Debug|Any CPU
		{DF6EF3A1-ED07-446F-9609-4F320D5D92E8}.Debug|iPhoneSimulator.Deploy.0 = Debug|Any CPU
		{DF6EF3A1-ED07-446F-9609-4F320D5D92E8}.Debug|x64.ActiveCfg = Debug|Any CPU
		{DF6EF3A1-ED07-446F-9609-4F320D5D92E8}.Debug|x64.Build.0 = Debug|Any CPU
		{DF6EF3A1-ED07-446F-9609-4F320D5D92E8}.Debug|x64.Deploy.0 = Debug|Any CPU
		{DF6EF3A1-ED07-446F-9609-4F320D5D92E8}.Debug|x86.ActiveCfg = Debug|Any CPU
		{DF6EF3A1-ED07-446F-9609-4F320D5D92E8}.Debug|x86.Build.0 = Debug|Any CPU
		{DF6EF3A1-ED07-446F-9609-4F320D5D92E8}.Debug|x86.Deploy.0 = Debug|Any CPU
		{DF6EF3A1-ED07-446F-9609-4F320D5D92E8}.Release|Any CPU.ActiveCfg = Release|Any CPU
		{DF6EF3A1-ED07-446F-9609-4F320D5D92E8}.Release|Any CPU.Build.0 = Release|Any CPU
		{DF6EF3A1-ED07-446F-9609-4F320D5D92E8}.Release|Any CPU.Deploy.0 = Release|Any CPU
		{DF6EF3A1-ED07-446F-9609-4F320D5D92E8}.Release|ARM.ActiveCfg = Release|Any CPU
		{DF6EF3A1-ED07-446F-9609-4F320D5D92E8}.Release|ARM.Build.0 = Release|Any CPU
		{DF6EF3A1-ED07-446F-9609-4F320D5D92E8}.Release|ARM.Deploy.0 = Release|Any CPU
		{DF6EF3A1-ED07-446F-9609-4F320D5D92E8}.Release|iPhone.ActiveCfg = Release|Any CPU
		{DF6EF3A1-ED07-446F-9609-4F320D5D92E8}.Release|iPhone.Build.0 = Release|Any CPU
		{DF6EF3A1-ED07-446F-9609-4F320D5D92E8}.Release|iPhone.Deploy.0 = Release|Any CPU
		{DF6EF3A1-ED07-446F-9609-4F320D5D92E8}.Release|iPhoneSimulator.ActiveCfg = Release|Any CPU
		{DF6EF3A1-ED07-446F-9609-4F320D5D92E8}.Release|iPhoneSimulator.Build.0 = Release|Any CPU
		{DF6EF3A1-ED07-446F-9609-4F320D5D92E8}.Release|iPhoneSimulator.Deploy.0 = Release|Any CPU
		{DF6EF3A1-ED07-446F-9609-4F320D5D92E8}.Release|x64.ActiveCfg = Release|Any CPU
		{DF6EF3A1-ED07-446F-9609-4F320D5D92E8}.Release|x64.Build.0 = Release|Any CPU
		{DF6EF3A1-ED07-446F-9609-4F320D5D92E8}.Release|x64.Deploy.0 = Release|Any CPU
		{DF6EF3A1-ED07-446F-9609-4F320D5D92E8}.Release|x86.ActiveCfg = Release|Any CPU
		{DF6EF3A1-ED07-446F-9609-4F320D5D92E8}.Release|x86.Build.0 = Release|Any CPU
		{DF6EF3A1-ED07-446F-9609-4F320D5D92E8}.Release|x86.Deploy.0 = Release|Any CPU
		{0493F3D7-1098-4C8B-9D9B-A77CA0FC798D}.Debug|Any CPU.ActiveCfg = Debug|iPhoneSimulator
		{0493F3D7-1098-4C8B-9D9B-A77CA0FC798D}.Debug|Any CPU.Build.0 = Debug|iPhoneSimulator
		{0493F3D7-1098-4C8B-9D9B-A77CA0FC798D}.Debug|Any CPU.Deploy.0 = Debug|iPhoneSimulator
		{0493F3D7-1098-4C8B-9D9B-A77CA0FC798D}.Debug|ARM.ActiveCfg = Debug|iPhone
		{0493F3D7-1098-4C8B-9D9B-A77CA0FC798D}.Debug|ARM.Build.0 = Debug|iPhone
		{0493F3D7-1098-4C8B-9D9B-A77CA0FC798D}.Debug|ARM.Deploy.0 = Debug|iPhone
		{0493F3D7-1098-4C8B-9D9B-A77CA0FC798D}.Debug|iPhone.ActiveCfg = Debug|iPhone
		{0493F3D7-1098-4C8B-9D9B-A77CA0FC798D}.Debug|iPhone.Build.0 = Debug|iPhone
		{0493F3D7-1098-4C8B-9D9B-A77CA0FC798D}.Debug|iPhone.Deploy.0 = Debug|iPhone
		{0493F3D7-1098-4C8B-9D9B-A77CA0FC798D}.Debug|iPhoneSimulator.ActiveCfg = Debug|iPhoneSimulator
		{0493F3D7-1098-4C8B-9D9B-A77CA0FC798D}.Debug|iPhoneSimulator.Build.0 = Debug|iPhoneSimulator
		{0493F3D7-1098-4C8B-9D9B-A77CA0FC798D}.Debug|iPhoneSimulator.Deploy.0 = Debug|iPhoneSimulator
		{0493F3D7-1098-4C8B-9D9B-A77CA0FC798D}.Debug|x64.ActiveCfg = Debug|iPhoneSimulator
		{0493F3D7-1098-4C8B-9D9B-A77CA0FC798D}.Debug|x64.Build.0 = Debug|iPhoneSimulator
		{0493F3D7-1098-4C8B-9D9B-A77CA0FC798D}.Debug|x64.Deploy.0 = Debug|iPhoneSimulator
		{0493F3D7-1098-4C8B-9D9B-A77CA0FC798D}.Debug|x86.ActiveCfg = Debug|iPhoneSimulator
		{0493F3D7-1098-4C8B-9D9B-A77CA0FC798D}.Debug|x86.Build.0 = Debug|iPhoneSimulator
		{0493F3D7-1098-4C8B-9D9B-A77CA0FC798D}.Debug|x86.Deploy.0 = Debug|iPhoneSimulator
		{0493F3D7-1098-4C8B-9D9B-A77CA0FC798D}.Release|Any CPU.ActiveCfg = Release|iPhoneSimulator
		{0493F3D7-1098-4C8B-9D9B-A77CA0FC798D}.Release|Any CPU.Build.0 = Release|iPhoneSimulator
		{0493F3D7-1098-4C8B-9D9B-A77CA0FC798D}.Release|Any CPU.Deploy.0 = Release|iPhoneSimulator
		{0493F3D7-1098-4C8B-9D9B-A77CA0FC798D}.Release|ARM.ActiveCfg = Release|iPhoneSimulator
		{0493F3D7-1098-4C8B-9D9B-A77CA0FC798D}.Release|ARM.Build.0 = Release|iPhoneSimulator
		{0493F3D7-1098-4C8B-9D9B-A77CA0FC798D}.Release|ARM.Deploy.0 = Release|iPhoneSimulator
		{0493F3D7-1098-4C8B-9D9B-A77CA0FC798D}.Release|iPhone.ActiveCfg = Release|iPhone
		{0493F3D7-1098-4C8B-9D9B-A77CA0FC798D}.Release|iPhone.Build.0 = Release|iPhone
		{0493F3D7-1098-4C8B-9D9B-A77CA0FC798D}.Release|iPhone.Deploy.0 = Release|iPhone
		{0493F3D7-1098-4C8B-9D9B-A77CA0FC798D}.Release|iPhoneSimulator.ActiveCfg = Release|iPhoneSimulator
		{0493F3D7-1098-4C8B-9D9B-A77CA0FC798D}.Release|iPhoneSimulator.Build.0 = Release|iPhoneSimulator
		{0493F3D7-1098-4C8B-9D9B-A77CA0FC798D}.Release|iPhoneSimulator.Deploy.0 = Release|iPhoneSimulator
		{0493F3D7-1098-4C8B-9D9B-A77CA0FC798D}.Release|x64.ActiveCfg = Release|iPhoneSimulator
		{0493F3D7-1098-4C8B-9D9B-A77CA0FC798D}.Release|x64.Build.0 = Release|iPhoneSimulator
		{0493F3D7-1098-4C8B-9D9B-A77CA0FC798D}.Release|x64.Deploy.0 = Release|iPhoneSimulator
		{0493F3D7-1098-4C8B-9D9B-A77CA0FC798D}.Release|x86.ActiveCfg = Release|iPhoneSimulator
		{0493F3D7-1098-4C8B-9D9B-A77CA0FC798D}.Release|x86.Build.0 = Release|iPhoneSimulator
		{0493F3D7-1098-4C8B-9D9B-A77CA0FC798D}.Release|x86.Deploy.0 = Release|iPhoneSimulator
		{80DDE212-162E-4AA2-B954-41AF7FC9ED4F}.Debug|Any CPU.ActiveCfg = Debug|Any CPU
		{80DDE212-162E-4AA2-B954-41AF7FC9ED4F}.Debug|Any CPU.Build.0 = Debug|Any CPU
		{80DDE212-162E-4AA2-B954-41AF7FC9ED4F}.Debug|Any CPU.Deploy.0 = Debug|Any CPU
		{80DDE212-162E-4AA2-B954-41AF7FC9ED4F}.Debug|ARM.ActiveCfg = Debug|Any CPU
		{80DDE212-162E-4AA2-B954-41AF7FC9ED4F}.Debug|ARM.Build.0 = Debug|Any CPU
		{80DDE212-162E-4AA2-B954-41AF7FC9ED4F}.Debug|ARM.Deploy.0 = Debug|Any CPU
		{80DDE212-162E-4AA2-B954-41AF7FC9ED4F}.Debug|iPhone.ActiveCfg = Debug|Any CPU
		{80DDE212-162E-4AA2-B954-41AF7FC9ED4F}.Debug|iPhone.Build.0 = Debug|Any CPU
		{80DDE212-162E-4AA2-B954-41AF7FC9ED4F}.Debug|iPhone.Deploy.0 = Debug|Any CPU
		{80DDE212-162E-4AA2-B954-41AF7FC9ED4F}.Debug|iPhoneSimulator.ActiveCfg = Debug|Any CPU
		{80DDE212-162E-4AA2-B954-41AF7FC9ED4F}.Debug|iPhoneSimulator.Build.0 = Debug|Any CPU
		{80DDE212-162E-4AA2-B954-41AF7FC9ED4F}.Debug|iPhoneSimulator.Deploy.0 = Debug|Any CPU
		{80DDE212-162E-4AA2-B954-41AF7FC9ED4F}.Debug|x64.ActiveCfg = Debug|Any CPU
		{80DDE212-162E-4AA2-B954-41AF7FC9ED4F}.Debug|x64.Build.0 = Debug|Any CPU
		{80DDE212-162E-4AA2-B954-41AF7FC9ED4F}.Debug|x64.Deploy.0 = Debug|Any CPU
		{80DDE212-162E-4AA2-B954-41AF7FC9ED4F}.Debug|x86.ActiveCfg = Debug|Any CPU
		{80DDE212-162E-4AA2-B954-41AF7FC9ED4F}.Debug|x86.Build.0 = Debug|Any CPU
		{80DDE212-162E-4AA2-B954-41AF7FC9ED4F}.Debug|x86.Deploy.0 = Debug|Any CPU
		{80DDE212-162E-4AA2-B954-41AF7FC9ED4F}.Release|Any CPU.ActiveCfg = Release|Any CPU
		{80DDE212-162E-4AA2-B954-41AF7FC9ED4F}.Release|Any CPU.Build.0 = Release|Any CPU
		{80DDE212-162E-4AA2-B954-41AF7FC9ED4F}.Release|Any CPU.Deploy.0 = Release|Any CPU
		{80DDE212-162E-4AA2-B954-41AF7FC9ED4F}.Release|ARM.ActiveCfg = Release|Any CPU
		{80DDE212-162E-4AA2-B954-41AF7FC9ED4F}.Release|ARM.Build.0 = Release|Any CPU
		{80DDE212-162E-4AA2-B954-41AF7FC9ED4F}.Release|ARM.Deploy.0 = Release|Any CPU
		{80DDE212-162E-4AA2-B954-41AF7FC9ED4F}.Release|iPhone.ActiveCfg = Release|Any CPU
		{80DDE212-162E-4AA2-B954-41AF7FC9ED4F}.Release|iPhone.Build.0 = Release|Any CPU
		{80DDE212-162E-4AA2-B954-41AF7FC9ED4F}.Release|iPhone.Deploy.0 = Release|Any CPU
		{80DDE212-162E-4AA2-B954-41AF7FC9ED4F}.Release|iPhoneSimulator.ActiveCfg = Release|Any CPU
		{80DDE212-162E-4AA2-B954-41AF7FC9ED4F}.Release|iPhoneSimulator.Build.0 = Release|Any CPU
		{80DDE212-162E-4AA2-B954-41AF7FC9ED4F}.Release|iPhoneSimulator.Deploy.0 = Release|Any CPU
		{80DDE212-162E-4AA2-B954-41AF7FC9ED4F}.Release|x64.ActiveCfg = Release|Any CPU
		{80DDE212-162E-4AA2-B954-41AF7FC9ED4F}.Release|x64.Build.0 = Release|Any CPU
		{80DDE212-162E-4AA2-B954-41AF7FC9ED4F}.Release|x64.Deploy.0 = Release|Any CPU
		{80DDE212-162E-4AA2-B954-41AF7FC9ED4F}.Release|x86.ActiveCfg = Release|Any CPU
		{80DDE212-162E-4AA2-B954-41AF7FC9ED4F}.Release|x86.Build.0 = Release|Any CPU
		{80DDE212-162E-4AA2-B954-41AF7FC9ED4F}.Release|x86.Deploy.0 = Release|Any CPU
	EndGlobalSection
	GlobalSection(SolutionProperties) = preSolution
		HideSolutionNode = FALSE
	EndGlobalSection
	GlobalSection(ExtensibilityGlobals) = postSolution
		SolutionGuid = {9BF2AD0D-DD3B-4151-AAB2-DE84B3F29EE2}
	EndGlobalSection
EndGlobal
